// !$*UTF8*$!
{
	archiveVersion = 1;
	classes = {
	};
	objectVersion = 46;
	objects = {

/* Begin PBXBuildFile section */
		6BD0823A1B5C0E5500D0F860 /* AppDelegate.swift in Sources */ = {isa = PBXBuildFile; fileRef = 6BD082391B5C0E5500D0F860 /* AppDelegate.swift */; };
		6BD0823C1B5C0E5500D0F860 /* ViewController.swift in Sources */ = {isa = PBXBuildFile; fileRef = 6BD0823B1B5C0E5500D0F860 /* ViewController.swift */; };
		6BD0823F1B5C0E5500D0F860 /* Main.storyboard in Resources */ = {isa = PBXBuildFile; fileRef = 6BD0823D1B5C0E5500D0F860 /* Main.storyboard */; };
		6BD082411B5C0E5500D0F860 /* Images.xcassets in Resources */ = {isa = PBXBuildFile; fileRef = 6BD082401B5C0E5500D0F860 /* Images.xcassets */; };
		6BD082441B5C0E5500D0F860 /* LaunchScreen.xib in Resources */ = {isa = PBXBuildFile; fileRef = 6BD082421B5C0E5500D0F860 /* LaunchScreen.xib */; };
		6BD082501B5C0E5500D0F860 /* Pods_TargetTests.swift in Sources */ = {isa = PBXBuildFile; fileRef = 6BD0824F1B5C0E5500D0F860 /* Pods_TargetTests.swift */; };
/* End PBXBuildFile section */

/* Begin PBXContainerItemProxy section */
		6BD0824A1B5C0E5500D0F860 /* PBXContainerItemProxy */ = {
			isa = PBXContainerItemProxy;
			containerPortal = 6BD0822C1B5C0E5500D0F860 /* Project object */;
			proxyType = 1;
			remoteGlobalIDString = 6BD082331B5C0E5500D0F860;
			remoteInfo = "Pods-Target";
		};
/* End PBXContainerItemProxy section */

/* Begin PBXFileReference section */
		6BD082341B5C0E5500D0F860 /* Pods-Target.app */ = {isa = PBXFileReference; explicitFileType = wrapper.application; includeInIndex = 0; path = "Pods-Target.app"; sourceTree = BUILT_PRODUCTS_DIR; };
		6BD082381B5C0E5500D0F860 /* Info.plist */ = {isa = PBXFileReference; lastKnownFileType = text.plist.xml; path = Info.plist; sourceTree = "<group>"; };
		6BD082391B5C0E5500D0F860 /* AppDelegate.swift */ = {isa = PBXFileReference; lastKnownFileType = sourcecode.swift; path = AppDelegate.swift; sourceTree = "<group>"; };
		6BD0823B1B5C0E5500D0F860 /* ViewController.swift */ = {isa = PBXFileReference; lastKnownFileType = sourcecode.swift; path = ViewController.swift; sourceTree = "<group>"; };
		6BD0823E1B5C0E5500D0F860 /* Base */ = {isa = PBXFileReference; lastKnownFileType = file.storyboard; name = Base; path = Base.lproj/Main.storyboard; sourceTree = "<group>"; };
		6BD082401B5C0E5500D0F860 /* Images.xcassets */ = {isa = PBXFileReference; lastKnownFileType = folder.assetcatalog; path = Images.xcassets; sourceTree = "<group>"; };
		6BD082431B5C0E5500D0F860 /* Base */ = {isa = PBXFileReference; lastKnownFileType = file.xib; name = Base; path = Base.lproj/LaunchScreen.xib; sourceTree = "<group>"; };
		6BD082491B5C0E5500D0F860 /* Pods-TargetTests.xctest */ = {isa = PBXFileReference; explicitFileType = wrapper.cfbundle; includeInIndex = 0; path = "Pods-TargetTests.xctest"; sourceTree = BUILT_PRODUCTS_DIR; };
		6BD0824E1B5C0E5500D0F860 /* Info.plist */ = {isa = PBXFileReference; lastKnownFileType = text.plist.xml; path = Info.plist; sourceTree = "<group>"; };
		6BD0824F1B5C0E5500D0F860 /* Pods_TargetTests.swift */ = {isa = PBXFileReference; lastKnownFileType = sourcecode.swift; path = Pods_TargetTests.swift; sourceTree = "<group>"; };
/* End PBXFileReference section */

/* Begin PBXFrameworksBuildPhase section */
		6BD082311B5C0E5500D0F860 /* Frameworks */ = {
			isa = PBXFrameworksBuildPhase;
			buildActionMask = 2147483647;
			files = (
			);
			runOnlyForDeploymentPostprocessing = 0;
		};
		6BD082461B5C0E5500D0F860 /* Frameworks */ = {
			isa = PBXFrameworksBuildPhase;
			buildActionMask = 2147483647;
			files = (
			);
			runOnlyForDeploymentPostprocessing = 0;
		};
/* End PBXFrameworksBuildPhase section */

/* Begin PBXGroup section */
		6BD0822B1B5C0E5500D0F860 = {
			isa = PBXGroup;
			children = (
				6BD082361B5C0E5500D0F860 /* Pods-Target */,
				6BD0824C1B5C0E5500D0F860 /* Pods-TargetTests */,
				6BD082351B5C0E5500D0F860 /* Products */,
			);
			sourceTree = "<group>";
		};
		6BD082351B5C0E5500D0F860 /* Products */ = {
			isa = PBXGroup;
			children = (
				6BD082341B5C0E5500D0F860 /* Pods-Target.app */,
				6BD082491B5C0E5500D0F860 /* Pods-TargetTests.xctest */,
			);
			name = Products;
			sourceTree = "<group>";
		};
		6BD082361B5C0E5500D0F860 /* Pods-Target */ = {
			isa = PBXGroup;
			children = (
				6BD082391B5C0E5500D0F860 /* AppDelegate.swift */,
				6BD0823B1B5C0E5500D0F860 /* ViewController.swift */,
				6BD0823D1B5C0E5500D0F860 /* Main.storyboard */,
				6BD082401B5C0E5500D0F860 /* Images.xcassets */,
				6BD082421B5C0E5500D0F860 /* LaunchScreen.xib */,
				6BD082371B5C0E5500D0F860 /* Supporting Files */,
			);
			path = "Pods-Target";
			sourceTree = "<group>";
		};
		6BD082371B5C0E5500D0F860 /* Supporting Files */ = {
			isa = PBXGroup;
			children = (
				6BD082381B5C0E5500D0F860 /* Info.plist */,
			);
			name = "Supporting Files";
			sourceTree = "<group>";
		};
		6BD0824C1B5C0E5500D0F860 /* Pods-TargetTests */ = {
			isa = PBXGroup;
			children = (
				6BD0824F1B5C0E5500D0F860 /* Pods_TargetTests.swift */,
				6BD0824D1B5C0E5500D0F860 /* Supporting Files */,
			);
			path = "Pods-TargetTests";
			sourceTree = "<group>";
		};
		6BD0824D1B5C0E5500D0F860 /* Supporting Files */ = {
			isa = PBXGroup;
			children = (
				6BD0824E1B5C0E5500D0F860 /* Info.plist */,
			);
			name = "Supporting Files";
			sourceTree = "<group>";
		};
/* End PBXGroup section */

/* Begin PBXNativeTarget section */
		6BD082331B5C0E5500D0F860 /* Pods-Target */ = {
			isa = PBXNativeTarget;
			buildConfigurationList = 6BD082531B5C0E5500D0F860 /* Build configuration list for PBXNativeTarget "Pods-Target" */;
			buildPhases = (
				6BD082301B5C0E5500D0F860 /* Sources */,
				6BD082311B5C0E5500D0F860 /* Frameworks */,
				6BD082321B5C0E5500D0F860 /* Resources */,
			);
			buildRules = (
			);
			dependencies = (
			);
			name = "Pods-Target";
			productName = "Pods-Target";
			productReference = 6BD082341B5C0E5500D0F860 /* Pods-Target.app */;
			productType = "com.apple.product-type.application";
		};
		6BD082481B5C0E5500D0F860 /* Pods-TargetTests */ = {
			isa = PBXNativeTarget;
			buildConfigurationList = 6BD082561B5C0E5500D0F860 /* Build configuration list for PBXNativeTarget "Pods-TargetTests" */;
			buildPhases = (
				6BD082451B5C0E5500D0F860 /* Sources */,
				6BD082461B5C0E5500D0F860 /* Frameworks */,
				6BD082471B5C0E5500D0F860 /* Resources */,
			);
			buildRules = (
			);
			dependencies = (
				6BD0824B1B5C0E5500D0F860 /* PBXTargetDependency */,
			);
			name = "Pods-TargetTests";
			productName = "Pods-TargetTests";
			productReference = 6BD082491B5C0E5500D0F860 /* Pods-TargetTests.xctest */;
			productType = "com.apple.product-type.bundle.unit-test";
		};
/* End PBXNativeTarget section */

/* Begin PBXProject section */
		6BD0822C1B5C0E5500D0F860 /* Project object */ = {
			isa = PBXProject;
			attributes = {
				LastUpgradeCheck = 0640;
				ORGANIZATIONNAME = "Paddy O'Brien";
				TargetAttributes = {
					6BD082331B5C0E5500D0F860 = {
						CreatedOnToolsVersion = 6.4;
					};
					6BD082481B5C0E5500D0F860 = {
						CreatedOnToolsVersion = 6.4;
						TestTargetID = 6BD082331B5C0E5500D0F860;
					};
				};
			};
			buildConfigurationList = 6BD0822F1B5C0E5500D0F860 /* Build configuration list for PBXProject "Pods-Target" */;
			compatibilityVersion = "Xcode 3.2";
			developmentRegion = English;
			hasScannedForEncodings = 0;
			knownRegions = (
				en,
				Base,
			);
			mainGroup = 6BD0822B1B5C0E5500D0F860;
			productRefGroup = 6BD082351B5C0E5500D0F860 /* Products */;
			projectDirPath = "";
			projectRoot = "";
			targets = (
				6BD082331B5C0E5500D0F860 /* Pods-Target */,
				6BD082481B5C0E5500D0F860 /* Pods-TargetTests */,
			);
		};
/* End PBXProject section */

/* Begin PBXResourcesBuildPhase section */
		6BD082321B5C0E5500D0F860 /* Resources */ = {
			isa = PBXResourcesBuildPhase;
			buildActionMask = 2147483647;
			files = (
				6BD0823F1B5C0E5500D0F860 /* Main.storyboard in Resources */,
				6BD082441B5C0E5500D0F860 /* LaunchScreen.xib in Resources */,
				6BD082411B5C0E5500D0F860 /* Images.xcassets in Resources */,
			);
			runOnlyForDeploymentPostprocessing = 0;
		};
		6BD082471B5C0E5500D0F860 /* Resources */ = {
			isa = PBXResourcesBuildPhase;
			buildActionMask = 2147483647;
			files = (
			);
			runOnlyForDeploymentPostprocessing = 0;
		};
/* End PBXResourcesBuildPhase section */

/* Begin PBXSourcesBuildPhase section */
		6BD082301B5C0E5500D0F860 /* Sources */ = {
			isa = PBXSourcesBuildPhase;
			buildActionMask = 2147483647;
			files = (
				6BD0823C1B5C0E5500D0F860 /* ViewController.swift in Sources */,
				6BD0823A1B5C0E5500D0F860 /* AppDelegate.swift in Sources */,
			);
			runOnlyForDeploymentPostprocessing = 0;
		};
		6BD082451B5C0E5500D0F860 /* Sources */ = {
			isa = PBXSourcesBuildPhase;
			buildActionMask = 2147483647;
			files = (
				6BD082501B5C0E5500D0F860 /* Pods_TargetTests.swift in Sources */,
			);
			runOnlyForDeploymentPostprocessing = 0;
		};
/* End PBXSourcesBuildPhase section */

/* Begin PBXTargetDependency section */
		6BD0824B1B5C0E5500D0F860 /* PBXTargetDependency */ = {
			isa = PBXTargetDependency;
			target = 6BD082331B5C0E5500D0F860 /* Pods-Target */;
			targetProxy = 6BD0824A1B5C0E5500D0F860 /* PBXContainerItemProxy */;
		};
/* End PBXTargetDependency section */

/* Begin PBXVariantGroup section */
		6BD0823D1B5C0E5500D0F860 /* Main.storyboard */ = {
			isa = PBXVariantGroup;
			children = (
				6BD0823E1B5C0E5500D0F860 /* Base */,
			);
			name = Main.storyboard;
			sourceTree = "<group>";
		};
		6BD082421B5C0E5500D0F860 /* LaunchScreen.xib */ = {
			isa = PBXVariantGroup;
			children = (
				6BD082431B5C0E5500D0F860 /* Base */,
			);
			name = LaunchScreen.xib;
			sourceTree = "<group>";
		};
/* End PBXVariantGroup section */

/* Begin XCBuildConfiguration section */
		6BD082511B5C0E5500D0F860 /* Debug */ = {
			isa = XCBuildConfiguration;
			buildSettings = {
				ALWAYS_SEARCH_USER_PATHS = NO;
				CLANG_CXX_LANGUAGE_STANDARD = "gnu++0x";
				CLANG_CXX_LIBRARY = "libc++";
				CLANG_ENABLE_MODULES = YES;
				CLANG_ENABLE_OBJC_ARC = YES;
				CLANG_WARN_BOOL_CONVERSION = YES;
				CLANG_WARN_CONSTANT_CONVERSION = YES;
				CLANG_WARN_DIRECT_OBJC_ISA_USAGE = YES_ERROR;
				CLANG_WARN_EMPTY_BODY = YES;
				CLANG_WARN_ENUM_CONVERSION = YES;
				CLANG_WARN_INT_CONVERSION = YES;
				CLANG_WARN_OBJC_ROOT_CLASS = YES_ERROR;
				CLANG_WARN_UNREACHABLE_CODE = YES;
				CLANG_WARN__DUPLICATE_METHOD_MATCH = YES;
				"CODE_SIGN_IDENTITY[sdk=iphoneos*]" = "iPhone Developer";
				COPY_PHASE_STRIP = NO;
				DEBUG_INFORMATION_FORMAT = "dwarf-with-dsym";
				ENABLE_STRICT_OBJC_MSGSEND = YES;
				GCC_C_LANGUAGE_STANDARD = gnu99;
				GCC_DYNAMIC_NO_PIC = NO;
				GCC_NO_COMMON_BLOCKS = YES;
				GCC_OPTIMIZATION_LEVEL = 0;
				GCC_PREPROCESSOR_DEFINITIONS = (
					"DEBUG=1",
					"$(inherited)",
				);
				GCC_SYMBOLS_PRIVATE_EXTERN = NO;
				GCC_WARN_64_TO_32_BIT_CONVERSION = YES;
				GCC_WARN_ABOUT_RETURN_TYPE = YES_ERROR;
				GCC_WARN_UNDECLARED_SELECTOR = YES;
				GCC_WARN_UNINITIALIZED_AUTOS = YES_AGGRESSIVE;
				GCC_WARN_UNUSED_FUNCTION = YES;
				GCC_WARN_UNUSED_VARIABLE = YES;
				IPHONEOS_DEPLOYMENT_TARGET = 8.4;
				MTL_ENABLE_DEBUG_INFO = YES;
				ONLY_ACTIVE_ARCH = YES;
				SDKROOT = iphoneos;
				SWIFT_OPTIMIZATION_LEVEL = "-Onone";
				TARGETED_DEVICE_FAMILY = "1,2";
			};
			name = Debug;
		};
		6BD082521B5C0E5500D0F860 /* Release */ = {
			isa = XCBuildConfiguration;
			buildSettings = {
				ALWAYS_SEARCH_USER_PATHS = NO;
				CLANG_CXX_LANGUAGE_STANDARD = "gnu++0x";
				CLANG_CXX_LIBRARY = "libc++";
				CLANG_ENABLE_MODULES = YES;
				CLANG_ENABLE_OBJC_ARC = YES;
				CLANG_WARN_BOOL_CONVERSION = YES;
				CLANG_WARN_CONSTANT_CONVERSION = YES;
				CLANG_WARN_DIRECT_OBJC_ISA_USAGE = YES_ERROR;
				CLANG_WARN_EMPTY_BODY = YES;
				CLANG_WARN_ENUM_CONVERSION = YES;
				CLANG_WARN_INT_CONVERSION = YES;
				CLANG_WARN_OBJC_ROOT_CLASS = YES_ERROR;
				CLANG_WARN_UNREACHABLE_CODE = YES;
				CLANG_WARN__DUPLICATE_METHOD_MATCH = YES;
				"CODE_SIGN_IDENTITY[sdk=iphoneos*]" = "iPhone Developer";
				COPY_PHASE_STRIP = NO;
				DEBUG_INFORMATION_FORMAT = "dwarf-with-dsym";
				ENABLE_NS_ASSERTIONS = NO;
				ENABLE_STRICT_OBJC_MSGSEND = YES;
				GCC_C_LANGUAGE_STANDARD = gnu99;
				GCC_NO_COMMON_BLOCKS = YES;
				GCC_WARN_64_TO_32_BIT_CONVERSION = YES;
				GCC_WARN_ABOUT_RETURN_TYPE = YES_ERROR;
				GCC_WARN_UNDECLARED_SELECTOR = YES;
				GCC_WARN_UNINITIALIZED_AUTOS = YES_AGGRESSIVE;
				GCC_WARN_UNUSED_FUNCTION = YES;
				GCC_WARN_UNUSED_VARIABLE = YES;
				IPHONEOS_DEPLOYMENT_TARGET = 8.4;
				MTL_ENABLE_DEBUG_INFO = NO;
				SDKROOT = iphoneos;
				TARGETED_DEVICE_FAMILY = "1,2";
				VALIDATE_PRODUCT = YES;
			};
			name = Release;
		};
		6BD082541B5C0E5500D0F860 /* Debug */ = {
			isa = XCBuildConfiguration;
			buildSettings = {
				ASSETCATALOG_COMPILER_APPICON_NAME = AppIcon;
				INFOPLIST_FILE = "Pods-Target/Info.plist";
				LD_RUNPATH_SEARCH_PATHS = "$(inherited) @executable_path/Frameworks";
				PRODUCT_NAME = "$(TARGET_NAME)";
			};
			name = Debug;
		};
		6BD082551B5C0E5500D0F860 /* Release */ = {
			isa = XCBuildConfiguration;
			buildSettings = {
				ASSETCATALOG_COMPILER_APPICON_NAME = AppIcon;
				INFOPLIST_FILE = "Pods-Target/Info.plist";
				LD_RUNPATH_SEARCH_PATHS = "$(inherited) @executable_path/Frameworks";
				PRODUCT_NAME = "$(TARGET_NAME)";
			};
			name = Release;
		};
		6BD082571B5C0E5500D0F860 /* Debug */ = {
			isa = XCBuildConfiguration;
			buildSettings = {
				BUNDLE_LOADER = "$(TEST_HOST)";
				FRAMEWORK_SEARCH_PATHS = (
					"$(SDKROOT)/Developer/Library/Frameworks",
					"$(inherited)",
				);
				GCC_PREPROCESSOR_DEFINITIONS = (
					"DEBUG=1",
					"$(inherited)",
				);
				INFOPLIST_FILE = "Pods-TargetTests/Info.plist";
				LD_RUNPATH_SEARCH_PATHS = "$(inherited) @executable_path/Frameworks @loader_path/Frameworks";
				PRODUCT_NAME = "$(TARGET_NAME)";
				TEST_HOST = "$(BUILT_PRODUCTS_DIR)/Pods-Target.app/Pods-Target";
			};
			name = Debug;
		};
		6BD082581B5C0E5500D0F860 /* Release */ = {
			isa = XCBuildConfiguration;
			buildSettings = {
				BUNDLE_LOADER = "$(TEST_HOST)";
				FRAMEWORK_SEARCH_PATHS = (
					"$(SDKROOT)/Developer/Library/Frameworks",
					"$(inherited)",
				);
				INFOPLIST_FILE = "Pods-TargetTests/Info.plist";
				LD_RUNPATH_SEARCH_PATHS = "$(inherited) @executable_path/Frameworks @loader_path/Frameworks";
				PRODUCT_NAME = "$(TARGET_NAME)";
				TEST_HOST = "$(BUILT_PRODUCTS_DIR)/Pods-Target.app/Pods-Target";
			};
			name = Release;
		};
/* End XCBuildConfiguration section */

/* Begin XCConfigurationList section */
		6BD0822F1B5C0E5500D0F860 /* Build configuration list for PBXProject "Pods-Target" */ = {
			isa = XCConfigurationList;
			buildConfigurations = (
				6BD082511B5C0E5500D0F860 /* Debug */,
				6BD082521B5C0E5500D0F860 /* Release */,
			);
			defaultConfigurationIsVisible = 0;
			defaultConfigurationName = Release;
		};
		6BD082531B5C0E5500D0F860 /* Build configuration list for PBXNativeTarget "Pods-Target" */ = {
			isa = XCConfigurationList;
			buildConfigurations = (
				6BD082541B5C0E5500D0F860 /* Debug */,
				6BD082551B5C0E5500D0F860 /* Release */,
			);
			defaultConfigurationIsVisible = 0;
		};
		6BD082561B5C0E5500D0F860 /* Build configuration list for PBXNativeTarget "Pods-TargetTests" */ = {
			isa = XCConfigurationList;
			buildConfigurations = (
				6BD082571B5C0E5500D0F860 /* Debug */,
				6BD082581B5C0E5500D0F860 /* Release */,
			);
			defaultConfigurationIsVisible = 0;
		};
/* End XCConfigurationList section */
	};
	rootObject = 6BD0822C1B5C0E5500D0F860 /* Project object */;
}
